
Microsoft Visual Studio Solution File, Format Version 12.00
# Visual Studio Version 16
VisualStudioVersion = 16.0.29326.143
MinimumVisualStudioVersion = 10.0.40219.1
Project("{9A19103F-16F7-4668-BE54-9A1E7A4F7556}") = "AgregatorM3.ConsoleApp", "src\AgregatorM3.ConsoleApp\AgregatorM3.ConsoleApp.csproj", "{28033A3A-D8D3-4D63-9A5D-B229D60F50D3}"
EndProject
Project("{FAE04EC0-301F-11D3-BF4B-00C04F79EFBC}") = "AgregatorM3.Web", "src\AgregatorM3.Web\AgregatorM3.Web.csproj", "{2B8C9971-BA93-44A4-A681-D6CC613B0595}"
EndProject
Global
	GlobalSection(SolutionConfigurationPlatforms) = preSolution
		Debug|Any CPU = Debug|Any CPU
		Release|Any CPU = Release|Any CPU
	EndGlobalSection
	GlobalSection(ProjectConfigurationPlatforms) = postSolution
		{28033A3A-D8D3-4D63-9A5D-B229D60F50D3}.Debug|Any CPU.ActiveCfg = Debug|Any CPU
		{28033A3A-D8D3-4D63-9A5D-B229D60F50D3}.Debug|Any CPU.Build.0 = Debug|Any CPU
		{28033A3A-D8D3-4D63-9A5D-B229D60F50D3}.Release|Any CPU.ActiveCfg = Release|Any CPU
		{28033A3A-D8D3-4D63-9A5D-B229D60F50D3}.Release|Any CPU.Build.0 = Release|Any CPU
		{2B8C9971-BA93-44A4-A681-D6CC613B0595}.Debug|Any CPU.ActiveCfg = Debug|Any CPU
		{2B8C9971-BA93-44A4-A681-D6CC613B0595}.Debug|Any CPU.Build.0 = Debug|Any CPU
		{2B8C9971-BA93-44A4-A681-D6CC613B0595}.Release|Any CPU.ActiveCfg = Release|Any CPU
		{2B8C9971-BA93-44A4-A681-D6CC613B0595}.Release|Any CPU.Build.0 = Release|Any CPU
	EndGlobalSection
	GlobalSection(SolutionProperties) = preSolution
		HideSolutionNode = FALSE
	EndGlobalSection
	GlobalSection(ExtensibilityGlobals) = postSolution
		SolutionGuid = {83A33716-217A-414E-8CEB-87660617D779}
	EndGlobalSection
EndGlobal
